{
  "version": "5",
  "specifiers": {
    "jsr:@std/collections@^1.1.3": "1.3.0",
    "jsr:@std/toml@1.0.11": "1.0.11",
    "jsr:@std/yaml@1.2.0": "1.2.0"
  },
  "jsr": {
    "@std/collections@1.3.0": {
      "integrity": "eb36b43d784477ea0b476483ac034a14bdd182aff921c812ecf662a1fcef9498"
    },
    "@std/toml@1.0.11": {
      "integrity": "e084988b872ca4bad6aedfb7350f6eeed0e8ba88e9ee5e1590621c5b5bb8f715",
      "dependencies": [
        "jsr:@std/collections"
      ]
    },
    "@std/yaml@1.2.0": {
      "integrity": "20beb41e4983ba3437dbefac62b14061ab058e8a187596f19d28ff9035f6e6cf"
    }
  },
  "workspace": {
    "dependencies": [
      "jsr:@std/toml@1.0.11",
      "jsr:@std/yaml@1.2.0"
    ]
  }
}
